// !$*UTF8*$!
{
	archiveVersion = 1;
	classes = {
	};
	objectVersion = 50;
	objects = {

/* Begin PBXBuildFile section */
		E17DDE46230311CA00FCF6FE /* MainViewController.swift in Sources */ = {isa = PBXBuildFile; fileRef = E17DDE45230311CA00FCF6FE /* MainViewController.swift */; };
		E17DDE482303124E00FCF6FE /* ViewDelegate.swift in Sources */ = {isa = PBXBuildFile; fileRef = E17DDE472303124E00FCF6FE /* ViewDelegate.swift */; };
		E194266322EB06D200D74B03 /* AppDelegate.swift in Sources */ = {isa = PBXBuildFile; fileRef = E194266222EB06D200D74B03 /* AppDelegate.swift */; };
		E194266522EB06D200D74B03 /* SlidersViewController.swift in Sources */ = {isa = PBXBuildFile; fileRef = E194266422EB06D200D74B03 /* SlidersViewController.swift */; };
		E194266822EB06D200D74B03 /* Main.storyboard in Resources */ = {isa = PBXBuildFile; fileRef = E194266622EB06D200D74B03 /* Main.storyboard */; };
		E194266A22EB06D400D74B03 /* Assets.xcassets in Resources */ = {isa = PBXBuildFile; fileRef = E194266922EB06D400D74B03 /* Assets.xcassets */; };
		E194266D22EB06D400D74B03 /* LaunchScreen.storyboard in Resources */ = {isa = PBXBuildFile; fileRef = E194266B22EB06D400D74B03 /* LaunchScreen.storyboard */; };
/* End PBXBuildFile section */

/* Begin PBXFileReference section */
		E17DDE45230311CA00FCF6FE /* MainViewController.swift */ = {isa = PBXFileReference; lastKnownFileType = sourcecode.swift; path = MainViewController.swift; sourceTree = "<group>"; };
		E17DDE472303124E00FCF6FE /* ViewDelegate.swift */ = {isa = PBXFileReference; lastKnownFileType = sourcecode.swift; path = ViewDelegate.swift; sourceTree = "<group>"; };
		E194265F22EB06D200D74B03 /* SliderColors.app */ = {isa = PBXFileReference; explicitFileType = wrapper.application; includeInIndex = 0; path = SliderColors.app; sourceTree = BUILT_PRODUCTS_DIR; };
		E194266222EB06D200D74B03 /* AppDelegate.swift */ = {isa = PBXFileReference; lastKnownFileType = sourcecode.swift; path = AppDelegate.swift; sourceTree = "<group>"; };
		E194266422EB06D200D74B03 /* SlidersViewController.swift */ = {isa = PBXFileReference; lastKnownFileType = sourcecode.swift; path = SlidersViewController.swift; sourceTree = "<group>"; };
		E194266722EB06D200D74B03 /* Base */ = {isa = PBXFileReference; lastKnownFileType = file.storyboard; name = Base; path = Base.lproj/Main.storyboard; sourceTree = "<group>"; };
		E194266922EB06D400D74B03 /* Assets.xcassets */ = {isa = PBXFileReference; lastKnownFileType = folder.assetcatalog; path = Assets.xcassets; sourceTree = "<group>"; };
		E194266C22EB06D400D74B03 /* Base */ = {isa = PBXFileReference; lastKnownFileType = file.storyboard; name = Base; path = Base.lproj/LaunchScreen.storyboard; sourceTree = "<group>"; };
		E194266E22EB06D400D74B03 /* Info.plist */ = {isa = PBXFileReference; lastKnownFileType = text.plist.xml; path = Info.plist; sourceTree = "<group>"; };
/* End PBXFileReference section */

/* Begin PBXFrameworksBuildPhase section */
		E194265C22EB06D200D74B03 /* Frameworks */ = {
			isa = PBXFrameworksBuildPhase;
			buildActionMask = 2147483647;
			files = (
			);
			runOnlyForDeploymentPostprocessing = 0;
		};
/* End PBXFrameworksBuildPhase section */

/* Begin PBXGroup section */
		E194265622EB06D200D74B03 = {
			isa = PBXGroup;
			children = (
				E194266122EB06D200D74B03 /* SliderColors */,
				E194266022EB06D200D74B03 /* Products */,
			);
			sourceTree = "<group>";
		};
		E194266022EB06D200D74B03 /* Products */ = {
			isa = PBXGroup;
			children = (
				E194265F22EB06D200D74B03 /* SliderColors.app */,
			);
			name = Products;
			sourceTree = "<group>";
		};
		E194266122EB06D200D74B03 /* SliderColors */ = {
			isa = PBXGroup;
			children = (
				E194266222EB06D200D74B03 /* AppDelegate.swift */,
				E17DDE45230311CA00FCF6FE /* MainViewController.swift */,
				E194266422EB06D200D74B03 /* SlidersViewController.swift */,
				E17DDE472303124E00FCF6FE /* ViewDelegate.swift */,
				E194266622EB06D200D74B03 /* Main.storyboard */,
				E194266922EB06D400D74B03 /* Assets.xcassets */,
				E194266B22EB06D400D74B03 /* LaunchScreen.storyboard */,
				E194266E22EB06D400D74B03 /* Info.plist */,
			);
			path = SliderColors;
			sourceTree = "<group>";
		};
/* End PBXGroup section */

/* Begin PBXNativeTarget section */
		E194265E22EB06D200D74B03 /* SliderColors */ = {
			isa = PBXNativeTarget;
			buildConfigurationList = E194267122EB06D400D74B03 /* Build configuration list for PBXNativeTarget "SliderColors" */;
			buildPhases = (
				E194265B22EB06D200D74B03 /* Sources */,
				E194265C22EB06D200D74B03 /* Frameworks */,
				E194265D22EB06D200D74B03 /* Resources */,
			);
			buildRules = (
			);
			dependencies = (
			);
			name = SliderColors;
			productName = SliderColors;
			productReference = E194265F22EB06D200D74B03 /* SliderColors.app */;
			productType = "com.apple.product-type.application";
		};
/* End PBXNativeTarget section */

/* Begin PBXProject section */
		E194265722EB06D200D74B03 /* Project object */ = {
			isa = PBXProject;
			attributes = {
				LastSwiftUpdateCheck = 1030;
				LastUpgradeCheck = 1030;
				ORGANIZATIONNAME = AntonKuznetsov;
				TargetAttributes = {
					E194265E22EB06D200D74B03 = {
						CreatedOnToolsVersion = 10.3;
					};
				};
			};
			buildConfigurationList = E194265A22EB06D200D74B03 /* Build configuration list for PBXProject "SliderColors" */;
			compatibilityVersion = "Xcode 9.3";
			developmentRegion = en;
			hasScannedForEncodings = 0;
			knownRegions = (
				en,
				Base,
			);
			mainGroup = E194265622EB06D200D74B03;
			productRefGroup = E194266022EB06D200D74B03 /* Products */;
			projectDirPath = "";
			projectRoot = "";
			targets = (
				E194265E22EB06D200D74B03 /* SliderColors */,
			);
		};
/* End PBXProject section */

/* Begin PBXResourcesBuildPhase section */
		E194265D22EB06D200D74B03 /* Resources */ = {
			isa = PBXResourcesBuildPhase;
			buildActionMask = 2147483647;
			files = (
				E194266D22EB06D400D74B03 /* LaunchScreen.storyboard in Resources */,
				E194266A22EB06D400D74B03 /* Assets.xcassets in Resources */,
				E194266822EB06D200D74B03 /* Main.storyboard in Resources */,
			);
			runOnlyForDeploymentPostprocessing = 0;
		};
/* End PBXResourcesBuildPhase section */

/* Begin PBXSourcesBuildPhase section */
		E194265B22EB06D200D74B03 /* Sources */ = {
			isa = PBXSourcesBuildPhase;
			buildActionMask = 2147483647;
			files = (
				E17DDE482303124E00FCF6FE /* ViewDelegate.swift in Sources */,
				E17DDE46230311CA00FCF6FE /* MainViewController.swift in Sources */,
				E194266522EB06D200D74B03 /* SlidersViewController.swift in Sources */,
				E194266322EB06D200D74B03 /* AppDelegate.swift in Sources */,
			);
			runOnlyForDeploymentPostprocessing = 0;
		};
/* End PBXSourcesBuildPhase section */

/* Begin PBXVariantGroup section */
		E194266622EB06D200D74B03 /* Main.storyboard */ = {
			isa = PBXVariantGroup;
			children = (
				E194266722EB06D200D74B03 /* Base */,
			);
			name = Main.storyboard;
			sourceTree = "<group>";
		};
		E194266B22EB06D400D74B03 /* LaunchScreen.storyboard */ = {
			isa = PBXVariantGroup;
			children = (
				E194266C22EB06D400D74B03 /* Base */,
			);
			name = LaunchScreen.storyboard;
			sourceTree = "<group>";
		};
/* End PBXVariantGroup section */

/* Begin XCBuildConfiguration section */
		E194266F22EB06D400D74B03 /* Debug */ = {
			isa = XCBuildConfiguration;
			buildSettings = {
				ALWAYS_SEARCH_USER_PATHS = NO;
				CLANG_ANALYZER_NONNULL = YES;
				CLANG_ANALYZER_NUMBER_OBJECT_CONVERSION = YES_AGGRESSIVE;
				CLANG_CXX_LANGUAGE_STANDARD = "gnu++14";
				CLANG_CXX_LIBRARY = "libc++";
				CLANG_ENABLE_MODULES = YES;
				CLANG_ENABLE_OBJC_ARC = YES;
				CLANG_ENABLE_OBJC_WEAK = YES;
				CLANG_WARN_BLOCK_CAPTURE_AUTORELEASING = YES;
				CLANG_WARN_BOOL_CONVERSION = YES;
				CLANG_WARN_COMMA = YES;
				CLANG_WARN_CONSTANT_CONVERSION = YES;
				CLANG_WARN_DEPRECATED_OBJC_IMPLEMENTATIONS = YES;
				CLANG_WARN_DIRECT_OBJC_ISA_USAGE = YES_ERROR;
				CLANG_WARN_DOCUMENTATION_COMMENTS = YES;
				CLANG_WARN_EMPTY_BODY = YES;
				CLANG_WARN_ENUM_CONVERSION = YES;
				CLANG_WARN_INFINITE_RECURSION = YES;
				CLANG_WARN_INT_CONVERSION = YES;
				CLANG_WARN_NON_LITERAL_NULL_CONVERSION = YES;
				CLANG_WARN_OBJC_IMPLICIT_RETAIN_SELF = YES;
				CLANG_WARN_OBJC_LITERAL_CONVERSION = YES;
				CLANG_WARN_OBJC_ROOT_CLASS = YES_ERROR;
				CLANG_WARN_RANGE_LOOP_ANALYSIS = YES;
				CLANG_WARN_STRICT_PROTOTYPES = YES;
				CLANG_WARN_SUSPICIOUS_MOVE = YES;
				CLANG_WARN_UNGUARDED_AVAILABILITY = YES_AGGRESSIVE;
				CLANG_WARN_UNREACHABLE_CODE = YES;
				CLANG_WARN__DUPLICATE_METHOD_MATCH = YES;
				CODE_SIGN_IDENTITY = "iPhone Developer";
				COPY_PHASE_STRIP = NO;
				DEBUG_INFORMATION_FORMAT = dwarf;
				ENABLE_STRICT_OBJC_MSGSEND = YES;
				ENABLE_TESTABILITY = YES;
				GCC_C_LANGUAGE_STANDARD = gnu11;
				GCC_DYNAMIC_NO_PIC = NO;
				GCC_NO_COMMON_BLOCKS = YES;
				GCC_OPTIMIZATION_LEVEL = 0;
				GCC_PREPROCESSOR_DEFINITIONS = (
					"DEBUG=1",
					"$(inherited)",
				);
				GCC_WARN_64_TO_32_BIT_CONVERSION = YES;
				GCC_WARN_ABOUT_RETURN_TYPE = YES_ERROR;
				GCC_WARN_UNDECLARED_SELECTOR = YES;
				GCC_WARN_UNINITIALIZED_AUTOS = YES_AGGRESSIVE;
				GCC_WARN_UNUSED_FUNCTION = YES;
				GCC_WARN_UNUSED_VARIABLE = YES;
				IPHONEOS_DEPLOYMENT_TARGET = 12.4;
				MTL_ENABLE_DEBUG_INFO = INCLUDE_SOURCE;
				MTL_FAST_MATH = YES;
				ONLY_ACTIVE_ARCH = YES;
				SDKROOT = iphoneos;
				SWIFT_ACTIVE_COMPILATION_CONDITIONS = DEBUG;
				SWIFT_OPTIMIZATION_LEVEL = "-Onone";
			};
			name = Debug;
		};
		E194267022EB06D400D74B03 /* Release */ = {
			isa = XCBuildConfiguration;
			buildSettings = {
				ALWAYS_SEARCH_USER_PATHS = NO;
				CLANG_ANALYZER_NONNULL = YES;
				CLANG_ANALYZER_NUMBER_OBJECT_CONVERSION = YES_AGGRESSIVE;
				CLANG_CXX_LANGUAGE_STANDARD = "gnu++14";
				CLANG_CXX_LIBRARY = "libc++";
				CLANG_ENABLE_MODULES = YES;
				CLANG_ENABLE_OBJC_ARC = YES;
				CLANG_ENABLE_OBJC_WEAK = YES;
				CLANG_WARN_BLOCK_CAPTURE_AUTORELEASING = YES;
				CLANG_WARN_BOOL_CONVERSION = YES;
				CLANG_WARN_COMMA = YES;
				CLANG_WARN_CONSTANT_CONVERSION = YES;
				CLANG_WARN_DEPRECATED_OBJC_IMPLEMENTATIONS = YES;
				CLANG_WARN_DIRECT_OBJC_ISA_USAGE = YES_ERROR;
				CLANG_WARN_DOCUMENTATION_COMMENTS = YES;
				CLANG_WARN_EMPTY_BODY = YES;
				CLANG_WARN_ENUM_CONVERSION = YES;
				CLANG_WARN_INFINITE_RECURSION = YES;
				CLANG_WARN_INT_CONVERSION = YES;
				CLANG_WARN_NON_LITERAL_NULL_CONVERSION = YES;
				CLANG_WARN_OBJC_IMPLICIT_RETAIN_SELF = YES;
				CLANG_WARN_OBJC_LITERAL_CONVERSION = YES;
				CLANG_WARN_OBJC_ROOT_CLASS = YES_ERROR;
				CLANG_WARN_RANGE_LOOP_ANALYSIS = YES;
				CLANG_WARN_STRICT_PROTOTYPES = YES;
				CLANG_WARN_SUSPICIOUS_MOVE = YES;
				CLANG_WARN_UNGUARDED_AVAILABILITY = YES_AGGRESSIVE;
				CLANG_WARN_UNREACHABLE_CODE = YES;
				CLANG_WARN__DUPLICATE_METHOD_MATCH = YES;
				CODE_SIGN_IDENTITY = "iPhone Developer";
				COPY_PHASE_STRIP = NO;
				DEBUG_INFORMATION_FORMAT = "dwarf-with-dsym";
				ENABLE_NS_ASSERTIONS = NO;
				ENABLE_STRICT_OBJC_MSGSEND = YES;
				GCC_C_LANGUAGE_STANDARD = gnu11;
				GCC_NO_COMMON_BLOCKS = YES;
				GCC_WARN_64_TO_32_BIT_CONVERSION = YES;
				GCC_WARN_ABOUT_RETURN_TYPE = YES_ERROR;
				GCC_WARN_UNDECLARED_SELECTOR = YES;
				GCC_WARN_UNINITIALIZED_AUTOS = YES_AGGRESSIVE;
				GCC_WARN_UNUSED_FUNCTION = YES;
				GCC_WARN_UNUSED_VARIABLE = YES;
				IPHONEOS_DEPLOYMENT_TARGET = 12.4;
				MTL_ENABLE_DEBUG_INFO = NO;
				MTL_FAST_MATH = YES;
				SDKROOT = iphoneos;
				SWIFT_COMPILATION_MODE = wholemodule;
				SWIFT_OPTIMIZATION_LEVEL = "-O";
				VALIDATE_PRODUCT = YES;
			};
			name = Release;
		};
		E194267222EB06D400D74B03 /* Debug */ = {
			isa = XCBuildConfiguration;
			buildSettings = {
				ASSETCATALOG_COMPILER_APPICON_NAME = AppIcon;
				CODE_SIGN_STYLE = Automatic;
				DEVELOPMENT_TEAM = 8QYRHE66V7;
				INFOPLIST_FILE = SliderColors/Info.plist;
				LD_RUNPATH_SEARCH_PATHS = (
					"$(inherited)",
					"@executable_path/Frameworks",
				);
				PRODUCT_BUNDLE_IDENTIFIER = com.antonkuznetsov.SliderColors;
				PRODUCT_NAME = "$(TARGET_NAME)";
				SWIFT_VERSION = 5.0;
				TARGETED_DEVICE_FAMILY = "1,2";
			};
			name = Debug;
		};
		E194267322EB06D400D74B03 /* Release */ = {
			isa = XCBuildConfiguration;
			buildSettings = {
				ASSETCATALOG_COMPILER_APPICON_NAME = AppIcon;
				CODE_SIGN_STYLE = Automatic;
				DEVELOPMENT_TEAM = 8QYRHE66V7;
				INFOPLIST_FILE = SliderColors/Info.plist;
				LD_RUNPATH_SEARCH_PATHS = (
					"$(inherited)",
					"@executable_path/Frameworks",
				);
				PRODUCT_BUNDLE_IDENTIFIER = com.antonkuznetsov.SliderColors;
				PRODUCT_NAME = "$(TARGET_NAME)";
				SWIFT_VERSION = 5.0;
				TARGETED_DEVICE_FAMILY = "1,2";
			};
			name = Release;
		};
/* End XCBuildConfiguration section */

/* Begin XCConfigurationList section */
		E194265A22EB06D200D74B03 /* Build configuration list for PBXProject "SliderColors" */ = {
			isa = XCConfigurationList;
			buildConfigurations = (
				E194266F22EB06D400D74B03 /* Debug */,
				E194267022EB06D400D74B03 /* Release */,
			);
			defaultConfigurationIsVisible = 0;
			defaultConfigurationName = Release;
		};
		E194267122EB06D400D74B03 /* Build configuration list for PBXNativeTarget "SliderColors" */ = {
			isa = XCConfigurationList;
			buildConfigurations = (
				E194267222EB06D400D74B03 /* Debug */,
				E194267322EB06D400D74B03 /* Release */,
			);
			defaultConfigurationIsVisible = 0;
			defaultConfigurationName = Release;
		};
/* End XCConfigurationList section */
	};
	rootObject = E194265722EB06D200D74B03 /* Project object */;
}
